
Microsoft Visual Studio Solution File, Format Version 12.00
# Visual Studio Version 16
VisualStudioVersion = 16.0.29306.81
MinimumVisualStudioVersion = 10.0.40219.1
Project("{FAE04EC0-301F-11D3-BF4B-00C04F79EFBC}") = "MatchingGame", "MatchingGame\MatchingGame.csproj", "{75D166F3-CCEA-4B7D-92DE-8AE6F61E6D75}"
EndProject
Global
	GlobalSection(SolutionConfigurationPlatforms) = preSolution
		Debug|Any CPU = Debug|Any CPU
		Release|Any CPU = Release|Any CPU
	EndGlobalSection
	GlobalSection(ProjectConfigurationPlatforms) = postSolution
		{75D166F3-CCEA-4B7D-92DE-8AE6F61E6D75}.Debug|Any CPU.ActiveCfg = Debug|Any CPU
		{75D166F3-CCEA-4B7D-92DE-8AE6F61E6D75}.Debug|Any CPU.Build.0 = Debug|Any CPU
		{75D166F3-CCEA-4B7D-92DE-8AE6F61E6D75}.Release|Any CPU.ActiveCfg = Release|Any CPU
		{75D166F3-CCEA-4B7D-92DE-8AE6F61E6D75}.Release|Any CPU.Build.0 = Release|Any CPU
	EndGlobalSection
	GlobalSection(SolutionProperties) = preSolution
		HideSolutionNode = FALSE
	EndGlobalSection
	GlobalSection(ExtensibilityGlobals) = postSolution
		SolutionGuid = {8B8D3B46-9D3A-4453-A83A-D300B55D99A2}
	EndGlobalSection
EndGlobal
